PODS:
  - AFDateHelper (4.2.7)
  - Alamofire (4.8.2)
  - AlamofireNetworkActivityLogger (2.4.0):
    - Alamofire (~> 4.8)
  - Charts (3.0.4):
    - Charts/Core (= 3.0.4)
  - Charts/Core (3.0.4)
  - DLCryptoKit (2.0.1):
    - DLOpenSSL
  - DLJSONAPI (1.0.3):
    - DLJSONAPI/Default (= 1.0.3)
  - DLJSONAPI/Default (1.0.3)
  - DLOpenSSL (1.0.2)
  - Down (0.6.2)
  - Floaty (4.1.0)
  - Nuke (7.5.2)
  - PullToRefresher (3.1)
  - QRCodeReader.swift (8.1.1)
  - ReachabilitySwift (4.3.0)
  - RxAtomic (4.4.1)
  - RxCocoa (4.4.1):
    - RxSwift (~> 4.0)
  - RxSwift (4.4.1):
    - RxAtomic (~> 4.4)
  - SideMenuController (0.2.4)
  - SnapKit (4.2.0)
  - SwiftKeychainWrapper (3.0.1)
  - TokenDSDK (3.1.0-x.11):
    - TokenDSDK/API (= 3.1.0-x.11)
    - TokenDSDK/JSONAPI (= 3.1.0-x.11)
    - TokenDSDK/KeyServer (= 3.1.0-x.11)
    - TokenDWallet (>= 3.0.1)
  - TokenDSDK/AlamofireNetwork (3.1.0-x.11):
    - Alamofire
    - AlamofireNetworkActivityLogger
    - TokenDWallet (>= 3.0.1)
  - TokenDSDK/AlamofireNetworkJSONAPI (3.1.0-x.11):
    - Alamofire
    - AlamofireNetworkActivityLogger
    - TokenDWallet (>= 3.0.1)
  - TokenDSDK/API (3.1.0-x.11):
    - TokenDWallet (>= 3.0.1)
  - TokenDSDK/JSONAPI (3.1.0-x.11):
    - DLJSONAPI (>= 1.0.3)
    - TokenDWallet (>= 3.0.1)
  - TokenDSDK/KeyServer (3.1.0-x.11):
    - TokenDWallet (>= 3.0.1)
  - TokenDWallet (3.0.1):
    - DLCryptoKit (>= 2.0.1)

DEPENDENCIES:
  - AFDateHelper (~> 4.2.2)
  - Charts (from `https://github.com/tokend/Charts.git`)
  - Down
  - Floaty (from `https://github.com/tokend/Floaty.git`)
  - Nuke
  - PullToRefresher (~> 3.0)
  - QRCodeReader.swift (= 8.1.1)
  - ReachabilitySwift (~> 4.1)
  - RxCocoa (~> 4.1)
  - RxSwift (~> 4.1)
  - SideMenuController (from `https://github.com/tokend/SideMenuController.git`)
  - SnapKit (~> 4.0)
  - SwiftKeychainWrapper (= 3.0.1)
  - TokenDSDK (= 3.1.0-x.11)
  - TokenDSDK/AlamofireNetwork
  - TokenDSDK/AlamofireNetworkJSONAPI
  - TokenDSDK/JSONAPI
  - TokenDSDK/KeyServer

SPEC REPOS:
  "git@github.com:tokend/ios-specs.git":
    - DLCryptoKit
    - DLJSONAPI
    - DLOpenSSL
    - TokenDSDK
    - TokenDWallet
  https://github.com/cocoapods/specs.git:
    - AFDateHelper
    - Alamofire
    - AlamofireNetworkActivityLogger
    - Down
    - Nuke
    - PullToRefresher
    - QRCodeReader.swift
    - ReachabilitySwift
    - RxAtomic
    - RxCocoa
    - RxSwift
    - SnapKit
    - SwiftKeychainWrapper

EXTERNAL SOURCES:
  Charts:
    :git: https://github.com/tokend/Charts.git
  Floaty:
    :git: https://github.com/tokend/Floaty.git
  SideMenuController:
    :git: https://github.com/tokend/SideMenuController.git

CHECKOUT OPTIONS:
  Charts:
    :commit: 90f818dfc9432b617bca971ea56b57f2fbc4ae09
    :git: https://github.com/tokend/Charts.git
  Floaty:
    :commit: a96eb9b1aafccd419e4ba7005c778c099344dd17
    :git: https://github.com/tokend/Floaty.git
  SideMenuController:
    :commit: a69b0c5704353ed5c35eb7df21d37f094e7582bf
    :git: https://github.com/tokend/SideMenuController.git

SPEC CHECKSUMS:
  AFDateHelper: 4ad66fb19503041fbba8a3018cb7ef9c71b2ff88
  Alamofire: ae5c501addb7afdbb13687d7f2f722c78734c2d3
  AlamofireNetworkActivityLogger: 6d3398c692d2c5d83b0c58793537860aca1e383d
  Charts: c5f4491efc3a24de9213fe3e68484bfdff881cfb
  DLCryptoKit: 491c522583e92c90c09c06bf1192ef741022af33
  DLJSONAPI: 4d448f06fd412dae20c53ba1c71d601c4b422ce5
  DLOpenSSL: 78d928228cb6d95fcaa354f4f9aba041ccf95457
  Down: 8c59a03cb229ef28dfa774b2132da860f3dee0ac
  Floaty: 1a4e213f3512cf3045ef9cb0c1ff456226d1f66a
  Nuke: 0350d346a688426e8f2331253ef28dc2fc4f6178
  PullToRefresher: ec8c1942bd61bb512ff520c49f9f00903cfa86c7
  QRCodeReader.swift: b164a681887de276d405ff02bce854d82cd6360b
  ReachabilitySwift: 408477d1b6ed9779dba301953171e017c31241f3
  RxAtomic: f8d6adc1ccb87a767811269e4875887bc74dbf19
  RxCocoa: 2f35a76bf8887872e28a1914112395b11b8e0e64
  RxSwift: 92fcf68dfef21f3e2ab1965363d9e7b3d787597e
  SideMenuController: 4c47fe044a8a0f13edf2ecb73fc90b2d82dcf392
  SnapKit: fe8a619752f3f27075cc9a90244d75c6c3f27e2a
  SwiftKeychainWrapper: 38952a3636320ae61bad3513cadd870929de7a4a
  TokenDSDK: cfab59ae03fbbeb7687e796323595a607ff4110a
  TokenDWallet: 3904ec3d99691d6e1c98f58e03d657804e7d08b3

PODFILE CHECKSUM: 382ff3262ac78694810d31a8908bd71708afae32

COCOAPODS: 1.6.1
