PODS:
  - ActionsList (0.9.1)
  - AFDateHelper (4.2.7)
  - Alamofire (5.3.0)
  - Charts (3.0.4):
    - Charts/Core (= 3.0.4)
  - Charts/Core (3.0.4)
  - DLCryptoKit (2.0.2):
    - DLOpenSSL
  - DLJSONAPI (1.0.7):
    - DLJSONAPI/Default (= 1.0.7)
  - DLJSONAPI/Default (1.0.7)
  - DLOpenSSL (1.0.2)
  - Floaty (4.1.0)
  - MarkdownView (1.6.0)
  - Nuke (7.6.3)
  - PullToRefresher (3.3)
  - QRCodeReader.swift (8.1.1)
  - RxCocoa (5.1.0):
    - RxRelay (~> 5)
    - RxSwift (~> 5)
  - RxRelay (5.1.1):
    - RxSwift (~> 5)
  - RxSwift (5.1.0)
  - SideMenuController (0.2.4)
  - SnapKit (4.2.0)
  - SwiftKeychainWrapper (3.0.1)
  - TokenDSDK (3.2.0-rc.6):
    - TokenDSDK/API (= 3.2.0-rc.6)
    - TokenDSDK/JSONAPI (= 3.2.0-rc.6)
    - TokenDSDK/KeyServer (= 3.2.0-rc.6)
    - TokenDWallet (= 3.1.1)
  - TokenDSDK/AlamofireNetwork (3.2.0-rc.6):
    - Alamofire (= 5.3.0)
    - TokenDWallet (= 3.1.1)
  - TokenDSDK/AlamofireNetworkJSONAPI (3.2.0-rc.6):
    - Alamofire (= 5.3.0)
    - TokenDWallet (= 3.1.1)
  - TokenDSDK/API (3.2.0-rc.6):
    - TokenDWallet (= 3.1.1)
  - TokenDSDK/JSONAPI (3.2.0-rc.6):
    - DLJSONAPI (>= 1.0.7)
    - TokenDWallet (= 3.1.1)
  - TokenDSDK/KeyServer (3.2.0-rc.6):
    - TokenDWallet (= 3.1.1)
  - TokenDWallet (3.1.1):
    - DLCryptoKit (>= 2.0.2)
  - UICircularProgressRing (7.0.0)

DEPENDENCIES:
  - ActionsList (from `https://github.com/LowKostKustomz/ActionsList.git`, branch `hotfix/swift_5.0_compatibility_stable`)
  - AFDateHelper (~> 4.2.2)
  - Charts (from `https://github.com/tokend/Charts.git`)
  - Floaty (from `https://github.com/tokend/Floaty.git`)
  - MarkdownView
  - Nuke (= 7.6.3)
  - PullToRefresher (~> 3.0)
  - QRCodeReader.swift (= 8.1.1)
  - RxCocoa (= 5.1.0)
  - RxSwift (= 5.1.0)
  - SideMenuController (from `https://github.com/tokend/SideMenuController.git`)
  - SnapKit (~> 4.0)
  - SwiftKeychainWrapper (= 3.0.1)
  - TokenDSDK (= 3.2.0-rc.6)
  - TokenDSDK/AlamofireNetwork (= 3.2.0-rc.6)
  - TokenDSDK/AlamofireNetworkJSONAPI (= 3.2.0-rc.6)
  - TokenDSDK/JSONAPI (= 3.2.0-rc.6)
  - TokenDSDK/KeyServer (= 3.2.0-rc.6)
  - UICircularProgressRing

SPEC REPOS:
  "git@github.com:tokend/ios-specs.git":
    - DLCryptoKit
    - DLJSONAPI
    - DLOpenSSL
    - TokenDSDK
    - TokenDWallet
  https://github.com/CocoaPods/Specs.git:
    - AFDateHelper
    - Alamofire
    - MarkdownView
    - Nuke
    - PullToRefresher
    - QRCodeReader.swift
    - RxCocoa
    - RxRelay
    - RxSwift
    - SnapKit
    - SwiftKeychainWrapper
    - UICircularProgressRing

EXTERNAL SOURCES:
  ActionsList:
    :branch: hotfix/swift_5.0_compatibility_stable
    :git: https://github.com/LowKostKustomz/ActionsList.git
  Charts:
    :git: https://github.com/tokend/Charts.git
  Floaty:
    :git: https://github.com/tokend/Floaty.git
  SideMenuController:
    :git: https://github.com/tokend/SideMenuController.git

CHECKOUT OPTIONS:
  ActionsList:
    :commit: 5be57fabefa7e709373d99704dc214ce839a0c9e
    :git: https://github.com/LowKostKustomz/ActionsList.git
  Charts:
    :commit: 90f818dfc9432b617bca971ea56b57f2fbc4ae09
    :git: https://github.com/tokend/Charts.git
  Floaty:
    :commit: a96eb9b1aafccd419e4ba7005c778c099344dd17
    :git: https://github.com/tokend/Floaty.git
  SideMenuController:
    :commit: 190ba5f345e0d30b011b332964d12156befd7a07
    :git: https://github.com/tokend/SideMenuController.git

SPEC CHECKSUMS:
  ActionsList: 93a2d6506b15b1852ee080262898e428ad957420
  AFDateHelper: 4ad66fb19503041fbba8a3018cb7ef9c71b2ff88
  Alamofire: 2c792affbdc2f18016e08fdbcacd60aebe1ba593
  Charts: c5f4491efc3a24de9213fe3e68484bfdff881cfb
  DLCryptoKit: 89c9b51260db5a08ca73b81eba2dd5a6a9792ce1
  DLJSONAPI: ad68922540505710fd5288ce1d370c0ef9f768cb
  DLOpenSSL: 78d928228cb6d95fcaa354f4f9aba041ccf95457
  Floaty: 1a4e213f3512cf3045ef9cb0c1ff456226d1f66a
  MarkdownView: 25c1c2d7ff9706624a575556296e188be3dd3f6b
  Nuke: 44130e95e09463f8773ae4b96b90de1eba6b3350
  PullToRefresher: 6fc2ab6494caf949bcf6f0223ffd23f9d21a06f6
  QRCodeReader.swift: b164a681887de276d405ff02bce854d82cd6360b
  RxCocoa: 13d2a4d7546a34b8ececae8c281e4ea1dbb94f2b
  RxRelay: d77f7d771495f43c556cbc43eebd1bb54d01e8e9
  RxSwift: ad5874f24bb0dbffd1e9bb8443604e3578796c7a
  SideMenuController: 4c47fe044a8a0f13edf2ecb73fc90b2d82dcf392
  SnapKit: fe8a619752f3f27075cc9a90244d75c6c3f27e2a
  SwiftKeychainWrapper: 38952a3636320ae61bad3513cadd870929de7a4a
  TokenDSDK: 6bde5b1ec86771827a3c4f86ca711af74e09ae3d
  TokenDWallet: d13f6dfd420e9258ff4734e2d52e57bcdfc60eb3
  UICircularProgressRing: 738b48db0ec1fbbd8482d727979392bb8c272e8d

PODFILE CHECKSUM: 41c692868158824c822c96afe9d8e937ee4e68eb

COCOAPODS: 1.10.0
